Microsoft Visual Studio Solution File, Format Version 12.00
# Visual Studio Version 17
VisualStudioVersion = 17.0.31903.59
MinimumVisualStudioVersion = 10.0.40219.1
Project("{FAE04EC0-301F-11D3-BF4B-00C04F79EFBC}") = "Kaonashi", "KaonashiClient\Kaonashi.csproj", "{4ED693ED-A1F1-1490-77DF-4B1A0697E8FC}"
EndProject
Global
	GlobalSection(SolutionConfigurationPlatforms) = preSolution
		Debug|Any CPU = Debug|Any CPU
		Debug|ARM = Debug|ARM
		Debug|ARM64 = Debug|ARM64
		Debug|x64 = Debug|x64
		Debug|x86 = Debug|x86
		Release|Any CPU = Release|Any CPU
		Release|ARM = Release|ARM
		Release|ARM64 = Release|ARM64
		Release|x64 = Release|x64
		Release|x86 = Release|x86
	EndGlobalSection
	GlobalSection(ProjectConfigurationPlatforms) = postSolution
		{4ED693ED-A1F1-1490-77DF-4B1A0697E8FC}.Debug|Any CPU.ActiveCfg = Debug|Any CPU
		{4ED693ED-A1F1-1490-77DF-4B1A0697E8FC}.Debug|Any CPU.Build.0 = Debug|Any CPU
		{4ED693ED-A1F1-1490-77DF-4B1A0697E8FC}.Debug|ARM.ActiveCfg = Debug|Any CPU
		{4ED693ED-A1F1-1490-77DF-4B1A0697E8FC}.Debug|ARM.Build.0 = Debug|Any CPU
		{4ED693ED-A1F1-1490-77DF-4B1A0697E8FC}.Debug|ARM64.ActiveCfg = Debug|Any CPU
		{4ED693ED-A1F1-1490-77DF-4B1A0697E8FC}.Debug|ARM64.Build.0 = Debug|Any CPU
		{4ED693ED-A1F1-1490-77DF-4B1A0697E8FC}.Debug|x64.ActiveCfg = Debug|Any CPU
		{4ED693ED-A1F1-1490-77DF-4B1A0697E8FC}.Debug|x64.Build.0 = Debug|Any CPU
		{4ED693ED-A1F1-1490-77DF-4B1A0697E8FC}.Debug|x86.ActiveCfg = Debug|Any CPU
		{4ED693ED-A1F1-1490-77DF-4B1A0697E8FC}.Debug|x86.Build.0 = Debug|Any CPU
		{4ED693ED-A1F1-1490-77DF-4B1A0697E8FC}.Release|Any CPU.ActiveCfg = Release|Any CPU
		{4ED693ED-A1F1-1490-77DF-4B1A0697E8FC}.Release|Any CPU.Build.0 = Release|Any CPU
		{4ED693ED-A1F1-1490-77DF-4B1A0697E8FC}.Release|ARM.ActiveCfg = Release|Any CPU
		{4ED693ED-A1F1-1490-77DF-4B1A0697E8FC}.Release|ARM.Build.0 = Release|Any CPU
		{4ED693ED-A1F1-1490-77DF-4B1A0697E8FC}.Release|ARM64.ActiveCfg = Release|Any CPU
		{4ED693ED-A1F1-1490-77DF-4B1A0697E8FC}.Release|ARM64.Build.0 = Release|Any CPU
		{4ED693ED-A1F1-1490-77DF-4B1A0697E8FC}.Release|x64.ActiveCfg = Release|Any CPU
		{4ED693ED-A1F1-1490-77DF-4B1A0697E8FC}.Release|x64.Build.0 = Release|Any CPU
		{4ED693ED-A1F1-1490-77DF-4B1A0697E8FC}.Release|x86.ActiveCfg = Release|Any CPU
		{4ED693ED-A1F1-1490-77DF-4B1A0697E8FC}.Release|x86.Build.0 = Release|Any CPU
	EndGlobalSection
	GlobalSection(SolutionProperties) = preSolution
		HideSolutionNode = FALSE
	EndGlobalSection
	GlobalSection(ExtensibilityGlobals) = postSolution
		SolutionGuid = {B6D6FA75-4AAB-4793-BDBD-D86939CF3692}
	EndGlobalSection
EndGlobal
